
Microsoft Visual Studio Solution File, Format Version 12.00
# Visual Studio Version 16
VisualStudioVersion = 16.0.30002.166
MinimumVisualStudioVersion = 10.0.40219.1
Project("{FAE04EC0-301F-11D3-BF4B-00C04F79EFBC}") = "AgeComiApp.Android", "AgeComiApp\AgeComiApp.Android\AgeComiApp.Android.csproj", "{ECC87809-A861-4193-B976-92FF0578AF93}"
EndProject
Project("{FAE04EC0-301F-11D3-BF4B-00C04F79EFBC}") = "AgeComiApp.iOS", "AgeComiApp\AgeComiApp.iOS\AgeComiApp.iOS.csproj", "{7A15F11A-C316-48AF-965A-66592C8902FE}"
EndProject
Project("{FAE04EC0-301F-11D3-BF4B-00C04F79EFBC}") = "AgeComiApp", "AgeComiApp\AgeComiApp\AgeComiApp.csproj", "{9944A15A-EAF4-4C55-9735-EEECD6BB7022}"
EndProject
Global
	GlobalSection(SolutionConfigurationPlatforms) = preSolution
		Debug|Any CPU = Debug|Any CPU
		Debug|iPhone = Debug|iPhone
		Debug|iPhoneSimulator = Debug|iPhoneSimulator
		Release|Any CPU = Release|Any CPU
		Release|iPhone = Release|iPhone
		Release|iPhoneSimulator = Release|iPhoneSimulator
	EndGlobalSection
	GlobalSection(ProjectConfigurationPlatforms) = postSolution
		{ECC87809-A861-4193-B976-92FF0578AF93}.Debug|Any CPU.ActiveCfg = Debug|Any CPU
		{ECC87809-A861-4193-B976-92FF0578AF93}.Debug|Any CPU.Build.0 = Debug|Any CPU
		{ECC87809-A861-4193-B976-92FF0578AF93}.Debug|Any CPU.Deploy.0 = Debug|Any CPU
		{ECC87809-A861-4193-B976-92FF0578AF93}.Debug|iPhone.ActiveCfg = Debug|Any CPU
		{ECC87809-A861-4193-B976-92FF0578AF93}.Debug|iPhone.Build.0 = Debug|Any CPU
		{ECC87809-A861-4193-B976-92FF0578AF93}.Debug|iPhone.Deploy.0 = Debug|Any CPU
		{ECC87809-A861-4193-B976-92FF0578AF93}.Debug|iPhoneSimulator.ActiveCfg = Debug|Any CPU
		{ECC87809-A861-4193-B976-92FF0578AF93}.Debug|iPhoneSimulator.Build.0 = Debug|Any CPU
		{ECC87809-A861-4193-B976-92FF0578AF93}.Debug|iPhoneSimulator.Deploy.0 = Debug|Any CPU
		{ECC87809-A861-4193-B976-92FF0578AF93}.Release|Any CPU.ActiveCfg = Release|Any CPU
		{ECC87809-A861-4193-B976-92FF0578AF93}.Release|Any CPU.Build.0 = Release|Any CPU
		{ECC87809-A861-4193-B976-92FF0578AF93}.Release|Any CPU.Deploy.0 = Release|Any CPU
		{ECC87809-A861-4193-B976-92FF0578AF93}.Release|iPhone.ActiveCfg = Release|Any CPU
		{ECC87809-A861-4193-B976-92FF0578AF93}.Release|iPhone.Build.0 = Release|Any CPU
		{ECC87809-A861-4193-B976-92FF0578AF93}.Release|iPhone.Deploy.0 = Release|Any CPU
		{ECC87809-A861-4193-B976-92FF0578AF93}.Release|iPhoneSimulator.ActiveCfg = Release|Any CPU
		{ECC87809-A861-4193-B976-92FF0578AF93}.Release|iPhoneSimulator.Build.0 = Release|Any CPU
		{ECC87809-A861-4193-B976-92FF0578AF93}.Release|iPhoneSimulator.Deploy.0 = Release|Any CPU
		{7A15F11A-C316-48AF-965A-66592C8902FE}.Debug|Any CPU.ActiveCfg = Debug|iPhone
		{7A15F11A-C316-48AF-965A-66592C8902FE}.Debug|Any CPU.Build.0 = Debug|iPhone
		{7A15F11A-C316-48AF-965A-66592C8902FE}.Debug|Any CPU.Deploy.0 = Debug|iPhone
		{7A15F11A-C316-48AF-965A-66592C8902FE}.Debug|iPhone.ActiveCfg = Debug|iPhone
		{7A15F11A-C316-48AF-965A-66592C8902FE}.Debug|iPhone.Build.0 = Debug|iPhone
		{7A15F11A-C316-48AF-965A-66592C8902FE}.Debug|iPhone.Deploy.0 = Debug|iPhone
		{7A15F11A-C316-48AF-965A-66592C8902FE}.Debug|iPhoneSimulator.ActiveCfg = Debug|iPhoneSimulator
		{7A15F11A-C316-48AF-965A-66592C8902FE}.Debug|iPhoneSimulator.Build.0 = Debug|iPhoneSimulator
		{7A15F11A-C316-48AF-965A-66592C8902FE}.Debug|iPhoneSimulator.Deploy.0 = Debug|iPhoneSimulator
		{7A15F11A-C316-48AF-965A-66592C8902FE}.Release|Any CPU.ActiveCfg = Release|iPhone
		{7A15F11A-C316-48AF-965A-66592C8902FE}.Release|Any CPU.Build.0 = Release|iPhone
		{7A15F11A-C316-48AF-965A-66592C8902FE}.Release|Any CPU.Deploy.0 = Release|iPhone
		{7A15F11A-C316-48AF-965A-66592C8902FE}.Release|iPhone.ActiveCfg = Release|iPhone
		{7A15F11A-C316-48AF-965A-66592C8902FE}.Release|iPhone.Build.0 = Release|iPhone
		{7A15F11A-C316-48AF-965A-66592C8902FE}.Release|iPhone.Deploy.0 = Release|iPhone
		{7A15F11A-C316-48AF-965A-66592C8902FE}.Release|iPhoneSimulator.ActiveCfg = Release|iPhoneSimulator
		{7A15F11A-C316-48AF-965A-66592C8902FE}.Release|iPhoneSimulator.Build.0 = Release|iPhoneSimulator
		{7A15F11A-C316-48AF-965A-66592C8902FE}.Release|iPhoneSimulator.Deploy.0 = Release|iPhoneSimulator
		{9944A15A-EAF4-4C55-9735-EEECD6BB7022}.Debug|Any CPU.ActiveCfg = Debug|Any CPU
		{9944A15A-EAF4-4C55-9735-EEECD6BB7022}.Debug|Any CPU.Build.0 = Debug|Any CPU
		{9944A15A-EAF4-4C55-9735-EEECD6BB7022}.Debug|Any CPU.Deploy.0 = Debug|Any CPU
		{9944A15A-EAF4-4C55-9735-EEECD6BB7022}.Debug|iPhone.ActiveCfg = Debug|Any CPU
		{9944A15A-EAF4-4C55-9735-EEECD6BB7022}.Debug|iPhone.Build.0 = Debug|Any CPU
		{9944A15A-EAF4-4C55-9735-EEECD6BB7022}.Debug|iPhone.Deploy.0 = Debug|Any CPU
		{9944A15A-EAF4-4C55-9735-EEECD6BB7022}.Debug|iPhoneSimulator.ActiveCfg = Debug|Any CPU
		{9944A15A-EAF4-4C55-9735-EEECD6BB7022}.Debug|iPhoneSimulator.Build.0 = Debug|Any CPU
		{9944A15A-EAF4-4C55-9735-EEECD6BB7022}.Debug|iPhoneSimulator.Deploy.0 = Debug|Any CPU
		{9944A15A-EAF4-4C55-9735-EEECD6BB7022}.Release|Any CPU.ActiveCfg = Release|Any CPU
		{9944A15A-EAF4-4C55-9735-EEECD6BB7022}.Release|Any CPU.Build.0 = Release|Any CPU
		{9944A15A-EAF4-4C55-9735-EEECD6BB7022}.Release|Any CPU.Deploy.0 = Release|Any CPU
		{9944A15A-EAF4-4C55-9735-EEECD6BB7022}.Release|iPhone.ActiveCfg = Release|Any CPU
		{9944A15A-EAF4-4C55-9735-EEECD6BB7022}.Release|iPhone.Build.0 = Release|Any CPU
		{9944A15A-EAF4-4C55-9735-EEECD6BB7022}.Release|iPhone.Deploy.0 = Release|Any CPU
		{9944A15A-EAF4-4C55-9735-EEECD6BB7022}.Release|iPhoneSimulator.ActiveCfg = Release|Any CPU
		{9944A15A-EAF4-4C55-9735-EEECD6BB7022}.Release|iPhoneSimulator.Build.0 = Release|Any CPU
		{9944A15A-EAF4-4C55-9735-EEECD6BB7022}.Release|iPhoneSimulator.Deploy.0 = Release|Any CPU
	EndGlobalSection
	GlobalSection(SolutionProperties) = preSolution
		HideSolutionNode = FALSE
	EndGlobalSection
	GlobalSection(ExtensibilityGlobals) = postSolution
		SolutionGuid = {484FF2FF-E5DF-44CB-A576-AE885DB9AC8E}
	EndGlobalSection
EndGlobal
